
Microsoft Visual Studio Solution File, Format Version 12.00
# Visual Studio 15
VisualStudioVersion = 15.0.27703.2026
MinimumVisualStudioVersion = 10.0.40219.1
Project("{FAE04EC0-301F-11D3-BF4B-00C04F79EFBC}") = "PeopleSearchApp", "PeopleSearchApp\PeopleSearchApp.csproj", "{DA252CC9-B3AB-4444-8593-B93FB80AE4A5}"
EndProject
Global
	GlobalSection(SolutionConfigurationPlatforms) = preSolution
		Debug|Any CPU = Debug|Any CPU
		Release|Any CPU = Release|Any CPU
	EndGlobalSection
	GlobalSection(ProjectConfigurationPlatforms) = postSolution
		{DA252CC9-B3AB-4444-8593-B93FB80AE4A5}.Debug|Any CPU.ActiveCfg = Debug|Any CPU
		{DA252CC9-B3AB-4444-8593-B93FB80AE4A5}.Debug|Any CPU.Build.0 = Debug|Any CPU
		{DA252CC9-B3AB-4444-8593-B93FB80AE4A5}.Release|Any CPU.ActiveCfg = Release|Any CPU
		{DA252CC9-B3AB-4444-8593-B93FB80AE4A5}.Release|Any CPU.Build.0 = Release|Any CPU
	EndGlobalSection
	GlobalSection(SolutionProperties) = preSolution
		HideSolutionNode = FALSE
	EndGlobalSection
	GlobalSection(ExtensibilityGlobals) = postSolution
		SolutionGuid = {3A49C09D-7142-4927-885B-40ABAC0CB77A}
	EndGlobalSection
EndGlobal
